
Microsoft Visual Studio Solution File, Format Version 12.00
# Visual Studio 15
VisualStudioVersion = 15.0.26124.0
MinimumVisualStudioVersion = 15.0.26124.0
Project("{FAE04EC0-301F-11D3-BF4B-00C04F79EFBC}") = "Architect.Data", "Architect.Data\Architect.Data.csproj", "{BBDC335E-95E4-4ED6-8BF6-07A387AD4A76}"
EndProject
Project("{FAE04EC0-301F-11D3-BF4B-00C04F79EFBC}") = "Architect.Data.Test", "Architect.Data.Test\Architect.Data.Test.csproj", "{A345BE26-4BDD-4472-9A92-1B58C0A0DE10}"
EndProject
Project("{FAE04EC0-301F-11D3-BF4B-00C04F79EFBC}") = "Employee.Data", "Employee.Data\Employee.Data.csproj", "{8D4AA3E5-5FE9-40B3-B5CA-2B445D9F72C6}"
EndProject
Project("{FAE04EC0-301F-11D3-BF4B-00C04F79EFBC}") = "Manager.Data", "Manager.Data\Manager.Data.csproj", "{A2F4DECC-A2B3-4833-9A3F-895708ECAA92}"
EndProject
Project("{FAE04EC0-301F-11D3-BF4B-00C04F79EFBC}") = "Manager.Data.Test", "Manager.Data.Test\Manager.Data.Test.csproj", "{93447626-EB89-425A-9C31-6BDF1F0AA977}"
EndProject
Project("{2150E333-8FDC-42A3-9474-1A3956D46DE8}") = "Product.Data", "Product.Data", "{A7316708-E1F5-458D-A6C5-29141FF91706}"
EndProject
Project("{FAE04EC0-301F-11D3-BF4B-00C04F79EFBC}") = "Product.Data", "Product.Data\Product.Data\Product.Data.csproj", "{A5FBFA91-9088-4BAA-8F33-9E35D730D519}"
EndProject
Project("{FAE04EC0-301F-11D3-BF4B-00C04F79EFBC}") = "Product.Data.Test", "Product.Data.Test\Product.Data.Test.csproj", "{23BDAAF4-B71C-4AF6-B358-CF135F27C813}"
EndProject
Global
	GlobalSection(SolutionConfigurationPlatforms) = preSolution
		Debug|Any CPU = Debug|Any CPU
		Debug|x64 = Debug|x64
		Debug|x86 = Debug|x86
		Release|Any CPU = Release|Any CPU
		Release|x64 = Release|x64
		Release|x86 = Release|x86
	EndGlobalSection
	GlobalSection(SolutionProperties) = preSolution
		HideSolutionNode = FALSE
	EndGlobalSection
	GlobalSection(ProjectConfigurationPlatforms) = postSolution
		{BBDC335E-95E4-4ED6-8BF6-07A387AD4A76}.Debug|Any CPU.ActiveCfg = Debug|Any CPU
		{BBDC335E-95E4-4ED6-8BF6-07A387AD4A76}.Debug|Any CPU.Build.0 = Debug|Any CPU
		{BBDC335E-95E4-4ED6-8BF6-07A387AD4A76}.Debug|x64.ActiveCfg = Debug|Any CPU
		{BBDC335E-95E4-4ED6-8BF6-07A387AD4A76}.Debug|x64.Build.0 = Debug|Any CPU
		{BBDC335E-95E4-4ED6-8BF6-07A387AD4A76}.Debug|x86.ActiveCfg = Debug|Any CPU
		{BBDC335E-95E4-4ED6-8BF6-07A387AD4A76}.Debug|x86.Build.0 = Debug|Any CPU
		{BBDC335E-95E4-4ED6-8BF6-07A387AD4A76}.Release|Any CPU.ActiveCfg = Release|Any CPU
		{BBDC335E-95E4-4ED6-8BF6-07A387AD4A76}.Release|Any CPU.Build.0 = Release|Any CPU
		{BBDC335E-95E4-4ED6-8BF6-07A387AD4A76}.Release|x64.ActiveCfg = Release|Any CPU
		{BBDC335E-95E4-4ED6-8BF6-07A387AD4A76}.Release|x64.Build.0 = Release|Any CPU
		{BBDC335E-95E4-4ED6-8BF6-07A387AD4A76}.Release|x86.ActiveCfg = Release|Any CPU
		{BBDC335E-95E4-4ED6-8BF6-07A387AD4A76}.Release|x86.Build.0 = Release|Any CPU
		{A345BE26-4BDD-4472-9A92-1B58C0A0DE10}.Debug|Any CPU.ActiveCfg = Debug|Any CPU
		{A345BE26-4BDD-4472-9A92-1B58C0A0DE10}.Debug|Any CPU.Build.0 = Debug|Any CPU
		{A345BE26-4BDD-4472-9A92-1B58C0A0DE10}.Debug|x64.ActiveCfg = Debug|Any CPU
		{A345BE26-4BDD-4472-9A92-1B58C0A0DE10}.Debug|x64.Build.0 = Debug|Any CPU
		{A345BE26-4BDD-4472-9A92-1B58C0A0DE10}.Debug|x86.ActiveCfg = Debug|Any CPU
		{A345BE26-4BDD-4472-9A92-1B58C0A0DE10}.Debug|x86.Build.0 = Debug|Any CPU
		{A345BE26-4BDD-4472-9A92-1B58C0A0DE10}.Release|Any CPU.ActiveCfg = Release|Any CPU
		{A345BE26-4BDD-4472-9A92-1B58C0A0DE10}.Release|Any CPU.Build.0 = Release|Any CPU
		{A345BE26-4BDD-4472-9A92-1B58C0A0DE10}.Release|x64.ActiveCfg = Release|Any CPU
		{A345BE26-4BDD-4472-9A92-1B58C0A0DE10}.Release|x64.Build.0 = Release|Any CPU
		{A345BE26-4BDD-4472-9A92-1B58C0A0DE10}.Release|x86.ActiveCfg = Release|Any CPU
		{A345BE26-4BDD-4472-9A92-1B58C0A0DE10}.Release|x86.Build.0 = Release|Any CPU
		{8D4AA3E5-5FE9-40B3-B5CA-2B445D9F72C6}.Debug|Any CPU.ActiveCfg = Debug|Any CPU
		{8D4AA3E5-5FE9-40B3-B5CA-2B445D9F72C6}.Debug|Any CPU.Build.0 = Debug|Any CPU
		{8D4AA3E5-5FE9-40B3-B5CA-2B445D9F72C6}.Debug|x64.ActiveCfg = Debug|Any CPU
		{8D4AA3E5-5FE9-40B3-B5CA-2B445D9F72C6}.Debug|x64.Build.0 = Debug|Any CPU
		{8D4AA3E5-5FE9-40B3-B5CA-2B445D9F72C6}.Debug|x86.ActiveCfg = Debug|Any CPU
		{8D4AA3E5-5FE9-40B3-B5CA-2B445D9F72C6}.Debug|x86.Build.0 = Debug|Any CPU
		{8D4AA3E5-5FE9-40B3-B5CA-2B445D9F72C6}.Release|Any CPU.ActiveCfg = Release|Any CPU
		{8D4AA3E5-5FE9-40B3-B5CA-2B445D9F72C6}.Release|Any CPU.Build.0 = Release|Any CPU
		{8D4AA3E5-5FE9-40B3-B5CA-2B445D9F72C6}.Release|x64.ActiveCfg = Release|Any CPU
		{8D4AA3E5-5FE9-40B3-B5CA-2B445D9F72C6}.Release|x64.Build.0 = Release|Any CPU
		{8D4AA3E5-5FE9-40B3-B5CA-2B445D9F72C6}.Release|x86.ActiveCfg = Release|Any CPU
		{8D4AA3E5-5FE9-40B3-B5CA-2B445D9F72C6}.Release|x86.Build.0 = Release|Any CPU
		{A2F4DECC-A2B3-4833-9A3F-895708ECAA92}.Debug|Any CPU.ActiveCfg = Debug|Any CPU
		{A2F4DECC-A2B3-4833-9A3F-895708ECAA92}.Debug|Any CPU.Build.0 = Debug|Any CPU
		{A2F4DECC-A2B3-4833-9A3F-895708ECAA92}.Debug|x64.ActiveCfg = Debug|Any CPU
		{A2F4DECC-A2B3-4833-9A3F-895708ECAA92}.Debug|x64.Build.0 = Debug|Any CPU
		{A2F4DECC-A2B3-4833-9A3F-895708ECAA92}.Debug|x86.ActiveCfg = Debug|Any CPU
		{A2F4DECC-A2B3-4833-9A3F-895708ECAA92}.Debug|x86.Build.0 = Debug|Any CPU
		{A2F4DECC-A2B3-4833-9A3F-895708ECAA92}.Release|Any CPU.ActiveCfg = Release|Any CPU
		{A2F4DECC-A2B3-4833-9A3F-895708ECAA92}.Release|Any CPU.Build.0 = Release|Any CPU
		{A2F4DECC-A2B3-4833-9A3F-895708ECAA92}.Release|x64.ActiveCfg = Release|Any CPU
		{A2F4DECC-A2B3-4833-9A3F-895708ECAA92}.Release|x64.Build.0 = Release|Any CPU
		{A2F4DECC-A2B3-4833-9A3F-895708ECAA92}.Release|x86.ActiveCfg = Release|Any CPU
		{A2F4DECC-A2B3-4833-9A3F-895708ECAA92}.Release|x86.Build.0 = Release|Any CPU
		{93447626-EB89-425A-9C31-6BDF1F0AA977}.Debug|Any CPU.ActiveCfg = Debug|Any CPU
		{93447626-EB89-425A-9C31-6BDF1F0AA977}.Debug|Any CPU.Build.0 = Debug|Any CPU
		{93447626-EB89-425A-9C31-6BDF1F0AA977}.Debug|x64.ActiveCfg = Debug|Any CPU
		{93447626-EB89-425A-9C31-6BDF1F0AA977}.Debug|x64.Build.0 = Debug|Any CPU
		{93447626-EB89-425A-9C31-6BDF1F0AA977}.Debug|x86.ActiveCfg = Debug|Any CPU
		{93447626-EB89-425A-9C31-6BDF1F0AA977}.Debug|x86.Build.0 = Debug|Any CPU
		{93447626-EB89-425A-9C31-6BDF1F0AA977}.Release|Any CPU.ActiveCfg = Release|Any CPU
		{93447626-EB89-425A-9C31-6BDF1F0AA977}.Release|Any CPU.Build.0 = Release|Any CPU
		{93447626-EB89-425A-9C31-6BDF1F0AA977}.Release|x64.ActiveCfg = Release|Any CPU
		{93447626-EB89-425A-9C31-6BDF1F0AA977}.Release|x64.Build.0 = Release|Any CPU
		{93447626-EB89-425A-9C31-6BDF1F0AA977}.Release|x86.ActiveCfg = Release|Any CPU
		{93447626-EB89-425A-9C31-6BDF1F0AA977}.Release|x86.Build.0 = Release|Any CPU
		{A5FBFA91-9088-4BAA-8F33-9E35D730D519}.Debug|Any CPU.ActiveCfg = Debug|Any CPU
		{A5FBFA91-9088-4BAA-8F33-9E35D730D519}.Debug|Any CPU.Build.0 = Debug|Any CPU
		{A5FBFA91-9088-4BAA-8F33-9E35D730D519}.Debug|x64.ActiveCfg = Debug|Any CPU
		{A5FBFA91-9088-4BAA-8F33-9E35D730D519}.Debug|x64.Build.0 = Debug|Any CPU
		{A5FBFA91-9088-4BAA-8F33-9E35D730D519}.Debug|x86.ActiveCfg = Debug|Any CPU
		{A5FBFA91-9088-4BAA-8F33-9E35D730D519}.Debug|x86.Build.0 = Debug|Any CPU
		{A5FBFA91-9088-4BAA-8F33-9E35D730D519}.Release|Any CPU.ActiveCfg = Release|Any CPU
		{A5FBFA91-9088-4BAA-8F33-9E35D730D519}.Release|Any CPU.Build.0 = Release|Any CPU
		{A5FBFA91-9088-4BAA-8F33-9E35D730D519}.Release|x64.ActiveCfg = Release|Any CPU
		{A5FBFA91-9088-4BAA-8F33-9E35D730D519}.Release|x64.Build.0 = Release|Any CPU
		{A5FBFA91-9088-4BAA-8F33-9E35D730D519}.Release|x86.ActiveCfg = Release|Any CPU
		{A5FBFA91-9088-4BAA-8F33-9E35D730D519}.Release|x86.Build.0 = Release|Any CPU
		{23BDAAF4-B71C-4AF6-B358-CF135F27C813}.Debug|Any CPU.ActiveCfg = Debug|Any CPU
		{23BDAAF4-B71C-4AF6-B358-CF135F27C813}.Debug|Any CPU.Build.0 = Debug|Any CPU
		{23BDAAF4-B71C-4AF6-B358-CF135F27C813}.Debug|x64.ActiveCfg = Debug|Any CPU
		{23BDAAF4-B71C-4AF6-B358-CF135F27C813}.Debug|x64.Build.0 = Debug|Any CPU
		{23BDAAF4-B71C-4AF6-B358-CF135F27C813}.Debug|x86.ActiveCfg = Debug|Any CPU
		{23BDAAF4-B71C-4AF6-B358-CF135F27C813}.Debug|x86.Build.0 = Debug|Any CPU
		{23BDAAF4-B71C-4AF6-B358-CF135F27C813}.Release|Any CPU.ActiveCfg = Release|Any CPU
		{23BDAAF4-B71C-4AF6-B358-CF135F27C813}.Release|Any CPU.Build.0 = Release|Any CPU
		{23BDAAF4-B71C-4AF6-B358-CF135F27C813}.Release|x64.ActiveCfg = Release|Any CPU
		{23BDAAF4-B71C-4AF6-B358-CF135F27C813}.Release|x64.Build.0 = Release|Any CPU
		{23BDAAF4-B71C-4AF6-B358-CF135F27C813}.Release|x86.ActiveCfg = Release|Any CPU
		{23BDAAF4-B71C-4AF6-B358-CF135F27C813}.Release|x86.Build.0 = Release|Any CPU
	EndGlobalSection
	GlobalSection(NestedProjects) = preSolution
		{A5FBFA91-9088-4BAA-8F33-9E35D730D519} = {A7316708-E1F5-458D-A6C5-29141FF91706}
	EndGlobalSection
EndGlobal
